dependencies:
- name: redis
  repository: https://charts.bitnami.com/bitnami
  version: 18.9.1
- name: common
  repository: oci://registry-1.docker.io/bitnamicharts
  version: 2.31.3
digest: sha256:835391bd2c3a9bef74671970e2438a6c4e7f2bcb3b8b08fd943d6e732b2b05c3
generated: "2025-07-08T09:33:38.944433638-03:00"
